
Microsoft Visual Studio Solution File, Format Version 12.00
# Visual Studio Version 18
VisualStudioVersion = 18.3.11206.111
MinimumVisualStudioVersion = 10.0.40219.1
Project("{FAE04EC0-301F-11D3-BF4B-00C04F79EFBC}") = "dotnet-storyteller", "server\dotnet-storyteller.csproj", "{FABFC4AD-9E2F-521B-D3BC-FE671EEA3E6A}"
EndProject
Project("{FAE04EC0-301F-11D3-BF4B-00C04F79EFBC}") = "storyteller-chat", "client\storyteller-chat.csproj", "{1C11E351-0A24-154C-651E-A5551247D2CC}"
EndProject
Global
	GlobalSection(SolutionConfigurationPlatforms) = preSolution
		Debug|Any CPU = Debug|Any CPU
		Release|Any CPU = Release|Any CPU
	EndGlobalSection
	GlobalSection(ProjectConfigurationPlatforms) = postSolution
		{FABFC4AD-9E2F-521B-D3BC-FE671EEA3E6A}.Debug|Any CPU.ActiveCfg = Debug|Any CPU
		{FABFC4AD-9E2F-521B-D3BC-FE671EEA3E6A}.Debug|Any CPU.Build.0 = Debug|Any CPU
		{FABFC4AD-9E2F-521B-D3BC-FE671EEA3E6A}.Release|Any CPU.ActiveCfg = Release|Any CPU
		{FABFC4AD-9E2F-521B-D3BC-FE671EEA3E6A}.Release|Any CPU.Build.0 = Release|Any CPU
		{1C11E351-0A24-154C-651E-A5551247D2CC}.Debug|Any CPU.ActiveCfg = Debug|Any CPU
		{1C11E351-0A24-154C-651E-A5551247D2CC}.Debug|Any CPU.Build.0 = Debug|Any CPU
		{1C11E351-0A24-154C-651E-A5551247D2CC}.Release|Any CPU.ActiveCfg = Release|Any CPU
		{1C11E351-0A24-154C-651E-A5551247D2CC}.Release|Any CPU.Build.0 = Release|Any CPU
	EndGlobalSection
	GlobalSection(SolutionProperties) = preSolution
		HideSolutionNode = FALSE
	EndGlobalSection
	GlobalSection(ExtensibilityGlobals) = postSolution
		SolutionGuid = {86A0A92A-8AD9-46F0-A910-E71AC6FB6678}
	EndGlobalSection
EndGlobal
